Microsoft Visual Studio Solution File, Format Version 12.00
# Visual Studio Version 17
VisualStudioVersion = 17.5.2.0
MinimumVisualStudioVersion = 10.0.40219.1
Project("{FAE04EC0-301F-11D3-BF4B-00C04F79EFBC}") = "03_String_Interpolation", "03_String_Interpolation\03_String_Interpolation.csproj", "{2A53CF34-D8C6-8CDD-BE98-0E413B0D7C22}"
EndProject
Project("{FAE04EC0-301F-11D3-BF4B-00C04F79EFBC}") = "04_Substring", "04_Substring\04_Substring.csproj", "{F962FE7E-1F2E-C630-49D6-BEB7DC0C3BAF}"
EndProject
Project("{FAE04EC0-301F-11D3-BF4B-00C04F79EFBC}") = "05_if_else", "05_if_else\05_if_else.csproj", "{5CBFE66A-1136-1DFC-69FB-66EE9DF7F75F}"
EndProject
Project("{2150E333-8FDC-42A3-9474-1A3956D46DE8}") = "06_Switch_Statment", "06_Switch_Statment", "{2B62029D-2C67-7BF7-81D4-A5DB2552A9D8}"
EndProject
Project("{FAE04EC0-301F-11D3-BF4B-00C04F79EFBC}") = "Switch_Statment", "06_Switch_Statment\Switch_Statment.csproj", "{F0A14A4F-79BF-8697-39D5-ADDA65658684}"
EndProject
Global
	GlobalSection(SolutionConfigurationPlatforms) = preSolution
		Debug|Any CPU = Debug|Any CPU
		Release|Any CPU = Release|Any CPU
	EndGlobalSection
	GlobalSection(ProjectConfigurationPlatforms) = postSolution
		{2A53CF34-D8C6-8CDD-BE98-0E413B0D7C22}.Debug|Any CPU.ActiveCfg = Debug|Any CPU
		{2A53CF34-D8C6-8CDD-BE98-0E413B0D7C22}.Debug|Any CPU.Build.0 = Debug|Any CPU
		{2A53CF34-D8C6-8CDD-BE98-0E413B0D7C22}.Release|Any CPU.ActiveCfg = Release|Any CPU
		{2A53CF34-D8C6-8CDD-BE98-0E413B0D7C22}.Release|Any CPU.Build.0 = Release|Any CPU
		{F962FE7E-1F2E-C630-49D6-BEB7DC0C3BAF}.Debug|Any CPU.ActiveCfg = Debug|Any CPU
		{F962FE7E-1F2E-C630-49D6-BEB7DC0C3BAF}.Debug|Any CPU.Build.0 = Debug|Any CPU
		{F962FE7E-1F2E-C630-49D6-BEB7DC0C3BAF}.Release|Any CPU.ActiveCfg = Release|Any CPU
		{F962FE7E-1F2E-C630-49D6-BEB7DC0C3BAF}.Release|Any CPU.Build.0 = Release|Any CPU
		{5CBFE66A-1136-1DFC-69FB-66EE9DF7F75F}.Debug|Any CPU.ActiveCfg = Debug|Any CPU
		{5CBFE66A-1136-1DFC-69FB-66EE9DF7F75F}.Debug|Any CPU.Build.0 = Debug|Any CPU
		{5CBFE66A-1136-1DFC-69FB-66EE9DF7F75F}.Release|Any CPU.ActiveCfg = Release|Any CPU
		{5CBFE66A-1136-1DFC-69FB-66EE9DF7F75F}.Release|Any CPU.Build.0 = Release|Any CPU
		{F0A14A4F-79BF-8697-39D5-ADDA65658684}.Debug|Any CPU.ActiveCfg = Debug|Any CPU
		{F0A14A4F-79BF-8697-39D5-ADDA65658684}.Debug|Any CPU.Build.0 = Debug|Any CPU
		{F0A14A4F-79BF-8697-39D5-ADDA65658684}.Release|Any CPU.ActiveCfg = Release|Any CPU
		{F0A14A4F-79BF-8697-39D5-ADDA65658684}.Release|Any CPU.Build.0 = Release|Any CPU
	EndGlobalSection
	GlobalSection(SolutionProperties) = preSolution
		HideSolutionNode = FALSE
	EndGlobalSection
	GlobalSection(NestedProjects) = preSolution
		{F0A14A4F-79BF-8697-39D5-ADDA65658684} = {2B62029D-2C67-7BF7-81D4-A5DB2552A9D8}
	EndGlobalSection
	GlobalSection(ExtensibilityGlobals) = postSolution
		SolutionGuid = {6D47E4E3-62D0-4617-93A2-9BC9E653A2D2}
	EndGlobalSection
EndGlobal
